// !$*UTF8*$!
{
	archiveVersion = 1;
	classes = {
	};
	objectVersion = 50;
	objects = {

/* Begin PBXBuildFile section */
		47EF0A352275B3760038855B /* AppDelegate.swift in Sources */ = {isa = PBXBuildFile; fileRef = 47EF0A342275B3760038855B /* AppDelegate.swift */; };
		47EF0A372275B3760038855B /* ViewController.swift in Sources */ = {isa = PBXBuildFile; fileRef = 47EF0A362275B3760038855B /* ViewController.swift */; };
		47EF0A3A2275B3760038855B /* Main.storyboard in Resources */ = {isa = PBXBuildFile; fileRef = 47EF0A382275B3760038855B /* Main.storyboard */; };
		47EF0A3C2275B3780038855B /* Assets.xcassets in Resources */ = {isa = PBXBuildFile; fileRef = 47EF0A3B2275B3780038855B /* Assets.xcassets */; };
		47EF0A3F2275B3780038855B /* LaunchScreen.storyboard in Resources */ = {isa = PBXBuildFile; fileRef = 47EF0A3D2275B3780038855B /* LaunchScreen.storyboard */; };
		47EF0A4A2275B3780038855B /* MPFUN_SwiftTests.swift in Sources */ = {isa = PBXBuildFile; fileRef = 47EF0A492275B3780038855B /* MPFUN_SwiftTests.swift */; };
		47EF0A562275B3D00038855B /* mpfun.swift in Sources */ = {isa = PBXBuildFile; fileRef = 47EF0A552275B3D00038855B /* mpfun.swift */; };
		47FC81442277005D00612B55 /* complex.swift in Sources */ = {isa = PBXBuildFile; fileRef = 47FC81432277005D00612B55 /* complex.swift */; };
/* End PBXBuildFile section */

/* Begin PBXContainerItemProxy section */
		47EF0A462275B3780038855B /* PBXContainerItemProxy */ = {
			isa = PBXContainerItemProxy;
			containerPortal = 47EF0A292275B3760038855B /* Project object */;
			proxyType = 1;
			remoteGlobalIDString = 47EF0A302275B3760038855B;
			remoteInfo = "MPFUN-Swift";
		};
/* End PBXContainerItemProxy section */

/* Begin PBXFileReference section */
		47EF0A312275B3760038855B /* MPFUN-Swift.app */ = {isa = PBXFileReference; explicitFileType = wrapper.application; includeInIndex = 0; path = "MPFUN-Swift.app"; sourceTree = BUILT_PRODUCTS_DIR; };
		47EF0A342275B3760038855B /* AppDelegate.swift */ = {isa = PBXFileReference; lastKnownFileType = sourcecode.swift; path = AppDelegate.swift; sourceTree = "<group>"; };
		47EF0A362275B3760038855B /* ViewController.swift */ = {isa = PBXFileReference; lastKnownFileType = sourcecode.swift; path = ViewController.swift; sourceTree = "<group>"; };
		47EF0A392275B3760038855B /* Base */ = {isa = PBXFileReference; lastKnownFileType = file.storyboard; name = Base; path = Base.lproj/Main.storyboard; sourceTree = "<group>"; };
		47EF0A3B2275B3780038855B /* Assets.xcassets */ = {isa = PBXFileReference; lastKnownFileType = folder.assetcatalog; path = Assets.xcassets; sourceTree = "<group>"; };
		47EF0A3E2275B3780038855B /* Base */ = {isa = PBXFileReference; lastKnownFileType = file.storyboard; name = Base; path = Base.lproj/LaunchScreen.storyboard; sourceTree = "<group>"; };
		47EF0A402275B3780038855B /* Info.plist */ = {isa = PBXFileReference; lastKnownFileType = text.plist.xml; path = Info.plist; sourceTree = "<group>"; };
		47EF0A452275B3780038855B /* MPFUN-SwiftTests.xctest */ = {isa = PBXFileReference; explicitFileType = wrapper.cfbundle; includeInIndex = 0; path = "MPFUN-SwiftTests.xctest"; sourceTree = BUILT_PRODUCTS_DIR; };
		47EF0A492275B3780038855B /* MPFUN_SwiftTests.swift */ = {isa = PBXFileReference; lastKnownFileType = sourcecode.swift; path = MPFUN_SwiftTests.swift; sourceTree = "<group>"; };
		47EF0A4B2275B3780038855B /* Info.plist */ = {isa = PBXFileReference; lastKnownFileType = text.plist.xml; path = Info.plist; sourceTree = "<group>"; };
		47EF0A552275B3D00038855B /* mpfun.swift */ = {isa = PBXFileReference; lastKnownFileType = sourcecode.swift; path = mpfun.swift; sourceTree = "<group>"; };
		47FC81432277005D00612B55 /* complex.swift */ = {isa = PBXFileReference; fileEncoding = 4; lastKnownFileType = sourcecode.swift; path = complex.swift; sourceTree = "<group>"; };
/* End PBXFileReference section */

/* Begin PBXFrameworksBuildPhase section */
		47EF0A2E2275B3760038855B /* Frameworks */ = {
			isa = PBXFrameworksBuildPhase;
			buildActionMask = 2147483647;
			files = (
			);
			runOnlyForDeploymentPostprocessing = 0;
		};
		47EF0A422275B3780038855B /* Frameworks */ = {
			isa = PBXFrameworksBuildPhase;
			buildActionMask = 2147483647;
			files = (
			);
			runOnlyForDeploymentPostprocessing = 0;
		};
/* End PBXFrameworksBuildPhase section */

/* Begin PBXGroup section */
		47EF0A282275B3760038855B = {
			isa = PBXGroup;
			children = (
				47EF0A332275B3760038855B /* MPFUN-Swift */,
				47EF0A482275B3780038855B /* MPFUN-SwiftTests */,
				47EF0A322275B3760038855B /* Products */,
			);
			sourceTree = "<group>";
		};
		47EF0A322275B3760038855B /* Products */ = {
			isa = PBXGroup;
			children = (
				47EF0A312275B3760038855B /* MPFUN-Swift.app */,
				47EF0A452275B3780038855B /* MPFUN-SwiftTests.xctest */,
			);
			name = Products;
			sourceTree = "<group>";
		};
		47EF0A332275B3760038855B /* MPFUN-Swift */ = {
			isa = PBXGroup;
			children = (
				47EF0A542275B3A30038855B /* MPFUN */,
				47EF0A342275B3760038855B /* AppDelegate.swift */,
				47EF0A362275B3760038855B /* ViewController.swift */,
				47EF0A382275B3760038855B /* Main.storyboard */,
				47EF0A3B2275B3780038855B /* Assets.xcassets */,
				47EF0A3D2275B3780038855B /* LaunchScreen.storyboard */,
				47EF0A402275B3780038855B /* Info.plist */,
			);
			path = "MPFUN-Swift";
			sourceTree = "<group>";
		};
		47EF0A482275B3780038855B /* MPFUN-SwiftTests */ = {
			isa = PBXGroup;
			children = (
				47EF0A492275B3780038855B /* MPFUN_SwiftTests.swift */,
				47EF0A4B2275B3780038855B /* Info.plist */,
			);
			path = "MPFUN-SwiftTests";
			sourceTree = "<group>";
		};
		47EF0A542275B3A30038855B /* MPFUN */ = {
			isa = PBXGroup;
			children = (
				47EF0A552275B3D00038855B /* mpfun.swift */,
				47FC81432277005D00612B55 /* complex.swift */,
			);
			path = MPFUN;
			sourceTree = "<group>";
		};
/* End PBXGroup section */

/* Begin PBXNativeTarget section */
		47EF0A302275B3760038855B /* MPFUN-Swift */ = {
			isa = PBXNativeTarget;
			buildConfigurationList = 47EF0A4E2275B3780038855B /* Build configuration list for PBXNativeTarget "MPFUN-Swift" */;
			buildPhases = (
				47EF0A2D2275B3760038855B /* Sources */,
				47EF0A2E2275B3760038855B /* Frameworks */,
				47EF0A2F2275B3760038855B /* Resources */,
			);
			buildRules = (
			);
			dependencies = (
			);
			name = "MPFUN-Swift";
			productName = "MPFUN-Swift";
			productReference = 47EF0A312275B3760038855B /* MPFUN-Swift.app */;
			productType = "com.apple.product-type.application";
		};
		47EF0A442275B3780038855B /* MPFUN-SwiftTests */ = {
			isa = PBXNativeTarget;
			buildConfigurationList = 47EF0A512275B3780038855B /* Build configuration list for PBXNativeTarget "MPFUN-SwiftTests" */;
			buildPhases = (
				47EF0A412275B3780038855B /* Sources */,
				47EF0A422275B3780038855B /* Frameworks */,
				47EF0A432275B3780038855B /* Resources */,
			);
			buildRules = (
			);
			dependencies = (
				47EF0A472275B3780038855B /* PBXTargetDependency */,
			);
			name = "MPFUN-SwiftTests";
			productName = "MPFUN-SwiftTests";
			productReference = 47EF0A452275B3780038855B /* MPFUN-SwiftTests.xctest */;
			productType = "com.apple.product-type.bundle.unit-test";
		};
/* End PBXNativeTarget section */

/* Begin PBXProject section */
		47EF0A292275B3760038855B /* Project object */ = {
			isa = PBXProject;
			attributes = {
				LastSwiftUpdateCheck = 1020;
				LastUpgradeCheck = 1020;
				ORGANIZATIONNAME = "Computer Inspirations";
				TargetAttributes = {
					47EF0A302275B3760038855B = {
						CreatedOnToolsVersion = 10.2.1;
					};
					47EF0A442275B3780038855B = {
						CreatedOnToolsVersion = 10.2.1;
						TestTargetID = 47EF0A302275B3760038855B;
					};
				};
			};
			buildConfigurationList = 47EF0A2C2275B3760038855B /* Build configuration list for PBXProject "MPFUN-Swift" */;
			compatibilityVersion = "Xcode 9.3";
			developmentRegion = en;
			hasScannedForEncodings = 0;
			knownRegions = (
				en,
				Base,
			);
			mainGroup = 47EF0A282275B3760038855B;
			productRefGroup = 47EF0A322275B3760038855B /* Products */;
			projectDirPath = "";
			projectRoot = "";
			targets = (
				47EF0A302275B3760038855B /* MPFUN-Swift */,
				47EF0A442275B3780038855B /* MPFUN-SwiftTests */,
			);
		};
/* End PBXProject section */

/* Begin PBXResourcesBuildPhase section */
		47EF0A2F2275B3760038855B /* Resources */ = {
			isa = PBXResourcesBuildPhase;
			buildActionMask = 2147483647;
			files = (
				47EF0A3F2275B3780038855B /* LaunchScreen.storyboard in Resources */,
				47EF0A3C2275B3780038855B /* Assets.xcassets in Resources */,
				47EF0A3A2275B3760038855B /* Main.storyboard in Resources */,
			);
			runOnlyForDeploymentPostprocessing = 0;
		};
		47EF0A432275B3780038855B /* Resources */ = {
			isa = PBXResourcesBuildPhase;
			buildActionMask = 2147483647;
			files = (
			);
			runOnlyForDeploymentPostprocessing = 0;
		};
/* End PBXResourcesBuildPhase section */

/* Begin PBXSourcesBuildPhase section */
		47EF0A2D2275B3760038855B /* Sources */ = {
			isa = PBXSourcesBuildPhase;
			buildActionMask = 2147483647;
			files = (
				47FC81442277005D00612B55 /* complex.swift in Sources */,
				47EF0A372275B3760038855B /* ViewController.swift in Sources */,
				47EF0A352275B3760038855B /* AppDelegate.swift in Sources */,
				47EF0A562275B3D00038855B /* mpfun.swift in Sources */,
			);
			runOnlyForDeploymentPostprocessing = 0;
		};
		47EF0A412275B3780038855B /* Sources */ = {
			isa = PBXSourcesBuildPhase;
			buildActionMask = 2147483647;
			files = (
				47EF0A4A2275B3780038855B /* MPFUN_SwiftTests.swift in Sources */,
			);
			runOnlyForDeploymentPostprocessing = 0;
		};
/* End PBXSourcesBuildPhase section */

/* Begin PBXTargetDependency section */
		47EF0A472275B3780038855B /* PBXTargetDependency */ = {
			isa = PBXTargetDependency;
			target = 47EF0A302275B3760038855B /* MPFUN-Swift */;
			targetProxy = 47EF0A462275B3780038855B /* PBXContainerItemProxy */;
		};
/* End PBXTargetDependency section */

/* Begin PBXVariantGroup section */
		47EF0A382275B3760038855B /* Main.storyboard */ = {
			isa = PBXVariantGroup;
			children = (
				47EF0A392275B3760038855B /* Base */,
			);
			name = Main.storyboard;
			sourceTree = "<group>";
		};
		47EF0A3D2275B3780038855B /* LaunchScreen.storyboard */ = {
			isa = PBXVariantGroup;
			children = (
				47EF0A3E2275B3780038855B /* Base */,
			);
			name = LaunchScreen.storyboard;
			sourceTree = "<group>";
		};
/* End PBXVariantGroup section */

/* Begin XCBuildConfiguration section */
		47EF0A4C2275B3780038855B /* Debug */ = {
			isa = XCBuildConfiguration;
			buildSettings = {
				ALWAYS_SEARCH_USER_PATHS = NO;
				CLANG_ANALYZER_NONNULL = YES;
				CLANG_ANALYZER_NUMBER_OBJECT_CONVERSION = YES_AGGRESSIVE;
				CLANG_CXX_LANGUAGE_STANDARD = "gnu++14";
				CLANG_CXX_LIBRARY = "libc++";
				CLANG_ENABLE_MODULES = YES;
				CLANG_ENABLE_OBJC_ARC = YES;
				CLANG_ENABLE_OBJC_WEAK = YES;
				CLANG_WARN_BLOCK_CAPTURE_AUTORELEASING = YES;
				CLANG_WARN_BOOL_CONVERSION = YES;
				CLANG_WARN_COMMA = YES;
				CLANG_WARN_CONSTANT_CONVERSION = YES;
				CLANG_WARN_DEPRECATED_OBJC_IMPLEMENTATIONS = YES;
				CLANG_WARN_DIRECT_OBJC_ISA_USAGE = YES_ERROR;
				CLANG_WARN_DOCUMENTATION_COMMENTS = YES;
				CLANG_WARN_EMPTY_BODY = YES;
				CLANG_WARN_ENUM_CONVERSION = YES;
				CLANG_WARN_INFINITE_RECURSION = YES;
				CLANG_WARN_INT_CONVERSION = YES;
				CLANG_WARN_NON_LITERAL_NULL_CONVERSION = YES;
				CLANG_WARN_OBJC_IMPLICIT_RETAIN_SELF = YES;
				CLANG_WARN_OBJC_LITERAL_CONVERSION = YES;
				CLANG_WARN_OBJC_ROOT_CLASS = YES_ERROR;
				CLANG_WARN_RANGE_LOOP_ANALYSIS = YES;
				CLANG_WARN_STRICT_PROTOTYPES = YES;
				CLANG_WARN_SUSPICIOUS_MOVE = YES;
				CLANG_WARN_UNGUARDED_AVAILABILITY = YES_AGGRESSIVE;
				CLANG_WARN_UNREACHABLE_CODE = YES;
				CLANG_WARN__DUPLICATE_METHOD_MATCH = YES;
				CODE_SIGN_IDENTITY = "iPhone Developer";
				COPY_PHASE_STRIP = NO;
				DEBUG_INFORMATION_FORMAT = dwarf;
				ENABLE_STRICT_OBJC_MSGSEND = YES;
				ENABLE_TESTABILITY = YES;
				GCC_C_LANGUAGE_STANDARD = gnu11;
				GCC_DYNAMIC_NO_PIC = NO;
				GCC_NO_COMMON_BLOCKS = YES;
				GCC_OPTIMIZATION_LEVEL = 0;
				GCC_PREPROCESSOR_DEFINITIONS = (
					"DEBUG=1",
					"$(inherited)",
				);
				GCC_WARN_64_TO_32_BIT_CONVERSION = YES;
				GCC_WARN_ABOUT_RETURN_TYPE = YES_ERROR;
				GCC_WARN_UNDECLARED_SELECTOR = YES;
				GCC_WARN_UNINITIALIZED_AUTOS = YES_AGGRESSIVE;
				GCC_WARN_UNUSED_FUNCTION = YES;
				GCC_WARN_UNUSED_VARIABLE = YES;
				IPHONEOS_DEPLOYMENT_TARGET = 12.2;
				MTL_ENABLE_DEBUG_INFO = INCLUDE_SOURCE;
				MTL_FAST_MATH = YES;
				ONLY_ACTIVE_ARCH = YES;
				SDKROOT = iphoneos;
				SWIFT_ACTIVE_COMPILATION_CONDITIONS = DEBUG;
				SWIFT_OPTIMIZATION_LEVEL = "-Onone";
			};
			name = Debug;
		};
		47EF0A4D2275B3780038855B /* Release */ = {
			isa = XCBuildConfiguration;
			buildSettings = {
				ALWAYS_SEARCH_USER_PATHS = NO;
				CLANG_ANALYZER_NONNULL = YES;
				CLANG_ANALYZER_NUMBER_OBJECT_CONVERSION = YES_AGGRESSIVE;
				CLANG_CXX_LANGUAGE_STANDARD = "gnu++14";
				CLANG_CXX_LIBRARY = "libc++";
				CLANG_ENABLE_MODULES = YES;
				CLANG_ENABLE_OBJC_ARC = YES;
				CLANG_ENABLE_OBJC_WEAK = YES;
				CLANG_WARN_BLOCK_CAPTURE_AUTORELEASING = YES;
				CLANG_WARN_BOOL_CONVERSION = YES;
				CLANG_WARN_COMMA = YES;
				CLANG_WARN_CONSTANT_CONVERSION = YES;
				CLANG_WARN_DEPRECATED_OBJC_IMPLEMENTATIONS = YES;
				CLANG_WARN_DIRECT_OBJC_ISA_USAGE = YES_ERROR;
				CLANG_WARN_DOCUMENTATION_COMMENTS = YES;
				CLANG_WARN_EMPTY_BODY = YES;
				CLANG_WARN_ENUM_CONVERSION = YES;
				CLANG_WARN_INFINITE_RECURSION = YES;
				CLANG_WARN_INT_CONVERSION = YES;
				CLANG_WARN_NON_LITERAL_NULL_CONVERSION = YES;
				CLANG_WARN_OBJC_IMPLICIT_RETAIN_SELF = YES;
				CLANG_WARN_OBJC_LITERAL_CONVERSION = YES;
				CLANG_WARN_OBJC_ROOT_CLASS = YES_ERROR;
				CLANG_WARN_RANGE_LOOP_ANALYSIS = YES;
				CLANG_WARN_STRICT_PROTOTYPES = YES;
				CLANG_WARN_SUSPICIOUS_MOVE = YES;
				CLANG_WARN_UNGUARDED_AVAILABILITY = YES_AGGRESSIVE;
				CLANG_WARN_UNREACHABLE_CODE = YES;
				CLANG_WARN__DUPLICATE_METHOD_MATCH = YES;
				CODE_SIGN_IDENTITY = "iPhone Developer";
				COPY_PHASE_STRIP = NO;
				DEBUG_INFORMATION_FORMAT = "dwarf-with-dsym";
				ENABLE_NS_ASSERTIONS = NO;
				ENABLE_STRICT_OBJC_MSGSEND = YES;
				GCC_C_LANGUAGE_STANDARD = gnu11;
				GCC_NO_COMMON_BLOCKS = YES;
				GCC_WARN_64_TO_32_BIT_CONVERSION = YES;
				GCC_WARN_ABOUT_RETURN_TYPE = YES_ERROR;
				GCC_WARN_UNDECLARED_SELECTOR = YES;
				GCC_WARN_UNINITIALIZED_AUTOS = YES_AGGRESSIVE;
				GCC_WARN_UNUSED_FUNCTION = YES;
				GCC_WARN_UNUSED_VARIABLE = YES;
				IPHONEOS_DEPLOYMENT_TARGET = 12.2;
				MTL_ENABLE_DEBUG_INFO = NO;
				MTL_FAST_MATH = YES;
				SDKROOT = iphoneos;
				SWIFT_COMPILATION_MODE = wholemodule;
				SWIFT_OPTIMIZATION_LEVEL = "-O";
				VALIDATE_PRODUCT = YES;
			};
			name = Release;
		};
		47EF0A4F2275B3780038855B /* Debug */ = {
			isa = XCBuildConfiguration;
			buildSettings = {
				ASSETCATALOG_COMPILER_APPICON_NAME = AppIcon;
				CODE_SIGN_STYLE = Automatic;
				DEVELOPMENT_TEAM = 6389FT2N69;
				INFOPLIST_FILE = "MPFUN-Swift/Info.plist";
				LD_RUNPATH_SEARCH_PATHS = (
					"$(inherited)",
					"@executable_path/Frameworks",
				);
				PRODUCT_BUNDLE_IDENTIFIER = "com.c-inspirations.MPFUN-Swift";
				PRODUCT_NAME = "$(TARGET_NAME)";
				SWIFT_VERSION = 5.0;
				TARGETED_DEVICE_FAMILY = "1,2";
			};
			name = Debug;
		};
		47EF0A502275B3780038855B /* Release */ = {
			isa = XCBuildConfiguration;
			buildSettings = {
				ASSETCATALOG_COMPILER_APPICON_NAME = AppIcon;
				CODE_SIGN_STYLE = Automatic;
				DEVELOPMENT_TEAM = 6389FT2N69;
				INFOPLIST_FILE = "MPFUN-Swift/Info.plist";
				LD_RUNPATH_SEARCH_PATHS = (
					"$(inherited)",
					"@executable_path/Frameworks",
				);
				PRODUCT_BUNDLE_IDENTIFIER = "com.c-inspirations.MPFUN-Swift";
				PRODUCT_NAME = "$(TARGET_NAME)";
				SWIFT_VERSION = 5.0;
				TARGETED_DEVICE_FAMILY = "1,2";
			};
			name = Release;
		};
		47EF0A522275B3780038855B /* Debug */ = {
			isa = XCBuildConfiguration;
			buildSettings = {
				ALWAYS_EMBED_SWIFT_STANDARD_LIBRARIES = YES;
				BUNDLE_LOADER = "$(TEST_HOST)";
				CODE_SIGN_STYLE = Automatic;
				DEVELOPMENT_TEAM = 6389FT2N69;
				INFOPLIST_FILE = "MPFUN-SwiftTests/Info.plist";
				LD_RUNPATH_SEARCH_PATHS = (
					"$(inherited)",
					"@executable_path/Frameworks",
					"@loader_path/Frameworks",
				);
				PRODUCT_BUNDLE_IDENTIFIER = "com.c-inspirations.MPFUN-SwiftTests";
				PRODUCT_NAME = "$(TARGET_NAME)";
				SWIFT_VERSION = 5.0;
				TARGETED_DEVICE_FAMILY = "1,2";
				TEST_HOST = "$(BUILT_PRODUCTS_DIR)/MPFUN-Swift.app/MPFUN-Swift";
			};
			name = Debug;
		};
		47EF0A532275B3780038855B /* Release */ = {
			isa = XCBuildConfiguration;
			buildSettings = {
				ALWAYS_EMBED_SWIFT_STANDARD_LIBRARIES = YES;
				BUNDLE_LOADER = "$(TEST_HOST)";
				CODE_SIGN_STYLE = Automatic;
				DEVELOPMENT_TEAM = 6389FT2N69;
				INFOPLIST_FILE = "MPFUN-SwiftTests/Info.plist";
				LD_RUNPATH_SEARCH_PATHS = (
					"$(inherited)",
					"@executable_path/Frameworks",
					"@loader_path/Frameworks",
				);
				PRODUCT_BUNDLE_IDENTIFIER = "com.c-inspirations.MPFUN-SwiftTests";
				PRODUCT_NAME = "$(TARGET_NAME)";
				SWIFT_VERSION = 5.0;
				TARGETED_DEVICE_FAMILY = "1,2";
				TEST_HOST = "$(BUILT_PRODUCTS_DIR)/MPFUN-Swift.app/MPFUN-Swift";
			};
			name = Release;
		};
/* End XCBuildConfiguration section */

/* Begin XCConfigurationList section */
		47EF0A2C2275B3760038855B /* Build configuration list for PBXProject "MPFUN-Swift" */ = {
			isa = XCConfigurationList;
			buildConfigurations = (
				47EF0A4C2275B3780038855B /* Debug */,
				47EF0A4D2275B3780038855B /* Release */,
			);
			defaultConfigurationIsVisible = 0;
			defaultConfigurationName = Release;
		};
		47EF0A4E2275B3780038855B /* Build configuration list for PBXNativeTarget "MPFUN-Swift" */ = {
			isa = XCConfigurationList;
			buildConfigurations = (
				47EF0A4F2275B3780038855B /* Debug */,
				47EF0A502275B3780038855B /* Release */,
			);
			defaultConfigurationIsVisible = 0;
			defaultConfigurationName = Release;
		};
		47EF0A512275B3780038855B /* Build configuration list for PBXNativeTarget "MPFUN-SwiftTests" */ = {
			isa = XCConfigurationList;
			buildConfigurations = (
				47EF0A522275B3780038855B /* Debug */,
				47EF0A532275B3780038855B /* Release */,
			);
			defaultConfigurationIsVisible = 0;
			defaultConfigurationName = Release;
		};
/* End XCConfigurationList section */
	};
	rootObject = 47EF0A292275B3760038855B /* Project object */;
}
